# This file is automatically generated by `sprocket lock`.
# It is not intended for manual editing.
[images]
"debian:trixie" = "docker://debian@sha256:3352c2e13876c8a5c5873ef20870e1939e73cb9a3c1aeba5e3e72172a85ce9ed"
"debian:bookworm" = "docker://debian@sha256:1d6cd964917a13b547d1ea392dff9a000c3f36070686ebc5c8755d53fb374435"
"oras://ghcr.io/stjude-rust-labs/sprocket:v0.23.0" = "oras://ghcr.io/stjude-rust-labs/sprocket@sha256:9242aa8a10b924a7a27082009059baafcdca76d3278a4826344ca87af80a8c5b"
"ubuntu:latest" = "docker://ubuntu@sha256:c4a8d5503dfb2a3eb8ab5f807da5bc69a85730fb49b5cfca2330194ebcc41c7b"

[images."library://ubuntu:latest"]
x86_64 = "library://ubuntu:sha256.7a63c14842a5c9b9c0567c1530af87afbb82187444ea45fd7473726ca31a598b"
aarch64 = "library://ubuntu:sha256.7ef2182f6a40838689441b7af1c920342bceae38778c40f289274e65e7fe14be"
ppc64le = "library://ubuntu:sha256.d1c0f6a4f4c8cee27f344856535ca657d04f30e0b7d269a34eb42bb0be9be64f"
